
Microsoft Visual Studio Solution File, Format Version 12.00
# Visual Studio 15
VisualStudioVersion = 15.0.27130.2027
MinimumVisualStudioVersion = 10.0.40219.1
Project("{FAE04EC0-301F-11D3-BF4B-00C04F79EFBC}") = "Lands.Android", "Lands\Lands.Android\Lands.Android.csproj", "{7AD66841-CC09-4F40-9FFB-B0FB6FCBE0EC}"
EndProject
Project("{FAE04EC0-301F-11D3-BF4B-00C04F79EFBC}") = "Lands.iOS", "Lands\Lands.iOS\Lands.iOS.csproj", "{C1AA009B-FB6C-4355-B642-70F915D37493}"
EndProject
Project("{FAE04EC0-301F-11D3-BF4B-00C04F79EFBC}") = "Lands", "Lands\Lands\Lands.csproj", "{2EBF6A0F-BCE9-4E75-BAC0-2981FEC80F23}"
EndProject
Project("{FAE04EC0-301F-11D3-BF4B-00C04F79EFBC}") = "Lands.Domain", "Lands.Domain\Lands.Domain.csproj", "{E859301D-01EA-4238-90AF-769BB9FE6C6B}"
EndProject
Project("{FAE04EC0-301F-11D3-BF4B-00C04F79EFBC}") = "Lands.Backend", "Lands.Backend\Lands.Backend.csproj", "{30844AC0-B657-4F3A-9B9A-7D8EC1ADAAA5}"
EndProject
Global
	GlobalSection(SolutionConfigurationPlatforms) = preSolution
		Ad-Hoc|Any CPU = Ad-Hoc|Any CPU
		Ad-Hoc|iPhone = Ad-Hoc|iPhone
		Ad-Hoc|iPhoneSimulator = Ad-Hoc|iPhoneSimulator
		AppStore|Any CPU = AppStore|Any CPU
		AppStore|iPhone = AppStore|iPhone
		AppStore|iPhoneSimulator = AppStore|iPhoneSimulator
		Debug|Any CPU = Debug|Any CPU
		Debug|iPhone = Debug|iPhone
		Debug|iPhoneSimulator = Debug|iPhoneSimulator
		Release|Any CPU = Release|Any CPU
		Release|iPhone = Release|iPhone
		Release|iPhoneSimulator = Release|iPhoneSimulator
	EndGlobalSection
	GlobalSection(ProjectConfigurationPlatforms) = postSolution
		{7AD66841-CC09-4F40-9FFB-B0FB6FCBE0EC}.Ad-Hoc|Any CPU.ActiveCfg = Release|Any CPU
		{7AD66841-CC09-4F40-9FFB-B0FB6FCBE0EC}.Ad-Hoc|Any CPU.Build.0 = Release|Any CPU
		{7AD66841-CC09-4F40-9FFB-B0FB6FCBE0EC}.Ad-Hoc|Any CPU.Deploy.0 = Release|Any CPU
		{7AD66841-CC09-4F40-9FFB-B0FB6FCBE0EC}.Ad-Hoc|iPhone.ActiveCfg = Release|Any CPU
		{7AD66841-CC09-4F40-9FFB-B0FB6FCBE0EC}.Ad-Hoc|iPhone.Build.0 = Release|Any CPU
		{7AD66841-CC09-4F40-9FFB-B0FB6FCBE0EC}.Ad-Hoc|iPhone.Deploy.0 = Release|Any CPU
		{7AD66841-CC09-4F40-9FFB-B0FB6FCBE0EC}.Ad-Hoc|iPhoneSimulator.ActiveCfg = Release|Any CPU
		{7AD66841-CC09-4F40-9FFB-B0FB6FCBE0EC}.Ad-Hoc|iPhoneSimulator.Build.0 = Release|Any CPU
		{7AD66841-CC09-4F40-9FFB-B0FB6FCBE0EC}.Ad-Hoc|iPhoneSimulator.Deploy.0 = Release|Any CPU
		{7AD66841-CC09-4F40-9FFB-B0FB6FCBE0EC}.AppStore|Any CPU.ActiveCfg = Release|Any CPU
		{7AD66841-CC09-4F40-9FFB-B0FB6FCBE0EC}.AppStore|Any CPU.Build.0 = Release|Any CPU
		{7AD66841-CC09-4F40-9FFB-B0FB6FCBE0EC}.AppStore|Any CPU.Deploy.0 = Release|Any CPU
		{7AD66841-CC09-4F40-9FFB-B0FB6FCBE0EC}.AppStore|iPhone.ActiveCfg = Release|Any CPU
		{7AD66841-CC09-4F40-9FFB-B0FB6FCBE0EC}.AppStore|iPhone.Build.0 = Release|Any CPU
		{7AD66841-CC09-4F40-9FFB-B0FB6FCBE0EC}.AppStore|iPhone.Deploy.0 = Release|Any CPU
		{7AD66841-CC09-4F40-9FFB-B0FB6FCBE0EC}.AppStore|iPhoneSimulator.ActiveCfg = Release|Any CPU
		{7AD66841-CC09-4F40-9FFB-B0FB6FCBE0EC}.AppStore|iPhoneSimulator.Build.0 = Release|Any CPU
		{7AD66841-CC09-4F40-9FFB-B0FB6FCBE0EC}.AppStore|iPhoneSimulator.Deploy.0 = Release|Any CPU
		{7AD66841-CC09-4F40-9FFB-B0FB6FCBE0EC}.Debug|Any CPU.ActiveCfg = Debug|Any CPU
		{7AD66841-CC09-4F40-9FFB-B0FB6FCBE0EC}.Debug|Any CPU.Build.0 = Debug|Any CPU
		{7AD66841-CC09-4F40-9FFB-B0FB6FCBE0EC}.Debug|Any CPU.Deploy.0 = Debug|Any CPU
		{7AD66841-CC09-4F40-9FFB-B0FB6FCBE0EC}.Debug|iPhone.ActiveCfg = Debug|Any CPU
		{7AD66841-CC09-4F40-9FFB-B0FB6FCBE0EC}.Debug|iPhone.Build.0 = Debug|Any CPU
		{7AD66841-CC09-4F40-9FFB-B0FB6FCBE0EC}.Debug|iPhone.Deploy.0 = Debug|Any CPU
		{7AD66841-CC09-4F40-9FFB-B0FB6FCBE0EC}.Debug|iPhoneSimulator.ActiveCfg = Debug|Any CPU
		{7AD66841-CC09-4F40-9FFB-B0FB6FCBE0EC}.Debug|iPhoneSimulator.Build.0 = Debug|Any CPU
		{7AD66841-CC09-4F40-9FFB-B0FB6FCBE0EC}.Debug|iPhoneSimulator.Deploy.0 = Debug|Any CPU
		{7AD66841-CC09-4F40-9FFB-B0FB6FCBE0EC}.Release|Any CPU.ActiveCfg = Release|Any CPU
		{7AD66841-CC09-4F40-9FFB-B0FB6FCBE0EC}.Release|Any CPU.Build.0 = Release|Any CPU
		{7AD66841-CC09-4F40-9FFB-B0FB6FCBE0EC}.Release|Any CPU.Deploy.0 = Release|Any CPU
		{7AD66841-CC09-4F40-9FFB-B0FB6FCBE0EC}.Release|iPhone.ActiveCfg = Release|Any CPU
		{7AD66841-CC09-4F40-9FFB-B0FB6FCBE0EC}.Release|iPhone.Build.0 = Release|Any CPU
		{7AD66841-CC09-4F40-9FFB-B0FB6FCBE0EC}.Release|iPhone.Deploy.0 = Release|Any CPU
		{7AD66841-CC09-4F40-9FFB-B0FB6FCBE0EC}.Release|iPhoneSimulator.ActiveCfg = Release|Any CPU
		{7AD66841-CC09-4F40-9FFB-B0FB6FCBE0EC}.Release|iPhoneSimulator.Build.0 = Release|Any CPU
		{7AD66841-CC09-4F40-9FFB-B0FB6FCBE0EC}.Release|iPhoneSimulator.Deploy.0 = Release|Any CPU
		{C1AA009B-FB6C-4355-B642-70F915D37493}.Ad-Hoc|Any CPU.ActiveCfg = Ad-Hoc|iPhone
		{C1AA009B-FB6C-4355-B642-70F915D37493}.Ad-Hoc|iPhone.ActiveCfg = Ad-Hoc|iPhone
		{C1AA009B-FB6C-4355-B642-70F915D37493}.Ad-Hoc|iPhone.Build.0 = Ad-Hoc|iPhone
		{C1AA009B-FB6C-4355-B642-70F915D37493}.Ad-Hoc|iPhoneSimulator.ActiveCfg = Ad-Hoc|iPhoneSimulator
		{C1AA009B-FB6C-4355-B642-70F915D37493}.Ad-Hoc|iPhoneSimulator.Build.0 = Ad-Hoc|iPhoneSimulator
		{C1AA009B-FB6C-4355-B642-70F915D37493}.AppStore|Any CPU.ActiveCfg = AppStore|iPhone
		{C1AA009B-FB6C-4355-B642-70F915D37493}.AppStore|iPhone.ActiveCfg = AppStore|iPhone
		{C1AA009B-FB6C-4355-B642-70F915D37493}.AppStore|iPhone.Build.0 = AppStore|iPhone
		{C1AA009B-FB6C-4355-B642-70F915D37493}.AppStore|iPhoneSimulator.ActiveCfg = AppStore|iPhoneSimulator
		{C1AA009B-FB6C-4355-B642-70F915D37493}.AppStore|iPhoneSimulator.Build.0 = AppStore|iPhoneSimulator
		{C1AA009B-FB6C-4355-B642-70F915D37493}.Debug|Any CPU.ActiveCfg = Debug|iPhone
		{C1AA009B-FB6C-4355-B642-70F915D37493}.Debug|iPhone.ActiveCfg = Debug|iPhone
		{C1AA009B-FB6C-4355-B642-70F915D37493}.Debug|iPhone.Build.0 = Debug|iPhone
		{C1AA009B-FB6C-4355-B642-70F915D37493}.Debug|iPhoneSimulator.ActiveCfg = Debug|iPhoneSimulator
		{C1AA009B-FB6C-4355-B642-70F915D37493}.Debug|iPhoneSimulator.Build.0 = Debug|iPhoneSimulator
		{C1AA009B-FB6C-4355-B642-70F915D37493}.Release|Any CPU.ActiveCfg = Release|iPhone
		{C1AA009B-FB6C-4355-B642-70F915D37493}.Release|iPhone.ActiveCfg = Release|iPhone
		{C1AA009B-FB6C-4355-B642-70F915D37493}.Release|iPhone.Build.0 = Release|iPhone
		{C1AA009B-FB6C-4355-B642-70F915D37493}.Release|iPhoneSimulator.ActiveCfg = Release|iPhoneSimulator
		{C1AA009B-FB6C-4355-B642-70F915D37493}.Release|iPhoneSimulator.Build.0 = Release|iPhoneSimulator
		{2EBF6A0F-BCE9-4E75-BAC0-2981FEC80F23}.Ad-Hoc|Any CPU.ActiveCfg = Debug|Any CPU
		{2EBF6A0F-BCE9-4E75-BAC0-2981FEC80F23}.Ad-Hoc|Any CPU.Build.0 = Debug|Any CPU
		{2EBF6A0F-BCE9-4E75-BAC0-2981FEC80F23}.Ad-Hoc|iPhone.ActiveCfg = Debug|Any CPU
		{2EBF6A0F-BCE9-4E75-BAC0-2981FEC80F23}.Ad-Hoc|iPhone.Build.0 = Debug|Any CPU
		{2EBF6A0F-BCE9-4E75-BAC0-2981FEC80F23}.Ad-Hoc|iPhoneSimulator.ActiveCfg = Debug|Any CPU
		{2EBF6A0F-BCE9-4E75-BAC0-2981FEC80F23}.Ad-Hoc|iPhoneSimulator.Build.0 = Debug|Any CPU
		{2EBF6A0F-BCE9-4E75-BAC0-2981FEC80F23}.AppStore|Any CPU.ActiveCfg = Debug|Any CPU
		{2EBF6A0F-BCE9-4E75-BAC0-2981FEC80F23}.AppStore|Any CPU.Build.0 = Debug|Any CPU
		{2EBF6A0F-BCE9-4E75-BAC0-2981FEC80F23}.AppStore|iPhone.ActiveCfg = Debug|Any CPU
		{2EBF6A0F-BCE9-4E75-BAC0-2981FEC80F23}.AppStore|iPhone.Build.0 = Debug|Any CPU
		{2EBF6A0F-BCE9-4E75-BAC0-2981FEC80F23}.AppStore|iPhoneSimulator.ActiveCfg = Debug|Any CPU
		{2EBF6A0F-BCE9-4E75-BAC0-2981FEC80F23}.AppStore|iPhoneSimulator.Build.0 = Debug|Any CPU
		{2EBF6A0F-BCE9-4E75-BAC0-2981FEC80F23}.Debug|Any CPU.ActiveCfg = Debug|Any CPU
		{2EBF6A0F-BCE9-4E75-BAC0-2981FEC80F23}.Debug|Any CPU.Build.0 = Debug|Any CPU
		{2EBF6A0F-BCE9-4E75-BAC0-2981FEC80F23}.Debug|iPhone.ActiveCfg = Debug|Any CPU
		{2EBF6A0F-BCE9-4E75-BAC0-2981FEC80F23}.Debug|iPhone.Build.0 = Debug|Any CPU
		{2EBF6A0F-BCE9-4E75-BAC0-2981FEC80F23}.Debug|iPhoneSimulator.ActiveCfg = Debug|Any CPU
		{2EBF6A0F-BCE9-4E75-BAC0-2981FEC80F23}.Debug|iPhoneSimulator.Build.0 = Debug|Any CPU
		{2EBF6A0F-BCE9-4E75-BAC0-2981FEC80F23}.Release|Any CPU.ActiveCfg = Release|Any CPU
		{2EBF6A0F-BCE9-4E75-BAC0-2981FEC80F23}.Release|Any CPU.Build.0 = Release|Any CPU
		{2EBF6A0F-BCE9-4E75-BAC0-2981FEC80F23}.Release|iPhone.ActiveCfg = Release|Any CPU
		{2EBF6A0F-BCE9-4E75-BAC0-2981FEC80F23}.Release|iPhone.Build.0 = Release|Any CPU
		{2EBF6A0F-BCE9-4E75-BAC0-2981FEC80F23}.Release|iPhoneSimulator.ActiveCfg = Release|Any CPU
		{2EBF6A0F-BCE9-4E75-BAC0-2981FEC80F23}.Release|iPhoneSimulator.Build.0 = Release|Any CPU
		{E859301D-01EA-4238-90AF-769BB9FE6C6B}.Ad-Hoc|Any CPU.ActiveCfg = Release|Any CPU
		{E859301D-01EA-4238-90AF-769BB9FE6C6B}.Ad-Hoc|Any CPU.Build.0 = Release|Any CPU
		{E859301D-01EA-4238-90AF-769BB9FE6C6B}.Ad-Hoc|iPhone.ActiveCfg = Release|Any CPU
		{E859301D-01EA-4238-90AF-769BB9FE6C6B}.Ad-Hoc|iPhone.Build.0 = Release|Any CPU
		{E859301D-01EA-4238-90AF-769BB9FE6C6B}.Ad-Hoc|iPhoneSimulator.ActiveCfg = Release|Any CPU
		{E859301D-01EA-4238-90AF-769BB9FE6C6B}.Ad-Hoc|iPhoneSimulator.Build.0 = Release|Any CPU
		{E859301D-01EA-4238-90AF-769BB9FE6C6B}.AppStore|Any CPU.ActiveCfg = Release|Any CPU
		{E859301D-01EA-4238-90AF-769BB9FE6C6B}.AppStore|Any CPU.Build.0 = Release|Any CPU
		{E859301D-01EA-4238-90AF-769BB9FE6C6B}.AppStore|iPhone.ActiveCfg = Release|Any CPU
		{E859301D-01EA-4238-90AF-769BB9FE6C6B}.AppStore|iPhone.Build.0 = Release|Any CPU
		{E859301D-01EA-4238-90AF-769BB9FE6C6B}.AppStore|iPhoneSimulator.ActiveCfg = Release|Any CPU
		{E859301D-01EA-4238-90AF-769BB9FE6C6B}.AppStore|iPhoneSimulator.Build.0 = Release|Any CPU
		{E859301D-01EA-4238-90AF-769BB9FE6C6B}.Debug|Any CPU.ActiveCfg = Debug|Any CPU
		{E859301D-01EA-4238-90AF-769BB9FE6C6B}.Debug|Any CPU.Build.0 = Debug|Any CPU
		{E859301D-01EA-4238-90AF-769BB9FE6C6B}.Debug|iPhone.ActiveCfg = Debug|Any CPU
		{E859301D-01EA-4238-90AF-769BB9FE6C6B}.Debug|iPhone.Build.0 = Debug|Any CPU
		{E859301D-01EA-4238-90AF-769BB9FE6C6B}.Debug|iPhoneSimulator.ActiveCfg = Debug|Any CPU
		{E859301D-01EA-4238-90AF-769BB9FE6C6B}.Debug|iPhoneSimulator.Build.0 = Debug|Any CPU
		{E859301D-01EA-4238-90AF-769BB9FE6C6B}.Release|Any CPU.ActiveCfg = Release|Any CPU
		{E859301D-01EA-4238-90AF-769BB9FE6C6B}.Release|Any CPU.Build.0 = Release|Any CPU
		{E859301D-01EA-4238-90AF-769BB9FE6C6B}.Release|iPhone.ActiveCfg = Release|Any CPU
		{E859301D-01EA-4238-90AF-769BB9FE6C6B}.Release|iPhone.Build.0 = Release|Any CPU
		{E859301D-01EA-4238-90AF-769BB9FE6C6B}.Release|iPhoneSimulator.ActiveCfg = Release|Any CPU
		{E859301D-01EA-4238-90AF-769BB9FE6C6B}.Release|iPhoneSimulator.Build.0 = Release|Any CPU
		{30844AC0-B657-4F3A-9B9A-7D8EC1ADAAA5}.Ad-Hoc|Any CPU.ActiveCfg = Release|Any CPU
		{30844AC0-B657-4F3A-9B9A-7D8EC1ADAAA5}.Ad-Hoc|Any CPU.Build.0 = Release|Any CPU
		{30844AC0-B657-4F3A-9B9A-7D8EC1ADAAA5}.Ad-Hoc|iPhone.ActiveCfg = Release|Any CPU
		{30844AC0-B657-4F3A-9B9A-7D8EC1ADAAA5}.Ad-Hoc|iPhone.Build.0 = Release|Any CPU
		{30844AC0-B657-4F3A-9B9A-7D8EC1ADAAA5}.Ad-Hoc|iPhoneSimulator.ActiveCfg = Release|Any CPU
		{30844AC0-B657-4F3A-9B9A-7D8EC1ADAAA5}.Ad-Hoc|iPhoneSimulator.Build.0 = Release|Any CPU
		{30844AC0-B657-4F3A-9B9A-7D8EC1ADAAA5}.AppStore|Any CPU.ActiveCfg = Release|Any CPU
		{30844AC0-B657-4F3A-9B9A-7D8EC1ADAAA5}.AppStore|Any CPU.Build.0 = Release|Any CPU
		{30844AC0-B657-4F3A-9B9A-7D8EC1ADAAA5}.AppStore|iPhone.ActiveCfg = Release|Any CPU
		{30844AC0-B657-4F3A-9B9A-7D8EC1ADAAA5}.AppStore|iPhone.Build.0 = Release|Any CPU
		{30844AC0-B657-4F3A-9B9A-7D8EC1ADAAA5}.AppStore|iPhoneSimulator.ActiveCfg = Release|Any CPU
		{30844AC0-B657-4F3A-9B9A-7D8EC1ADAAA5}.AppStore|iPhoneSimulator.Build.0 = Release|Any CPU
		{30844AC0-B657-4F3A-9B9A-7D8EC1ADAAA5}.Debug|Any CPU.ActiveCfg = Debug|Any CPU
		{30844AC0-B657-4F3A-9B9A-7D8EC1ADAAA5}.Debug|Any CPU.Build.0 = Debug|Any CPU
		{30844AC0-B657-4F3A-9B9A-7D8EC1ADAAA5}.Debug|iPhone.ActiveCfg = Debug|Any CPU
		{30844AC0-B657-4F3A-9B9A-7D8EC1ADAAA5}.Debug|iPhone.Build.0 = Debug|Any CPU
		{30844AC0-B657-4F3A-9B9A-7D8EC1ADAAA5}.Debug|iPhoneSimulator.ActiveCfg = Debug|Any CPU
		{30844AC0-B657-4F3A-9B9A-7D8EC1ADAAA5}.Debug|iPhoneSimulator.Build.0 = Debug|Any CPU
		{30844AC0-B657-4F3A-9B9A-7D8EC1ADAAA5}.Release|Any CPU.ActiveCfg = Release|Any CPU
		{30844AC0-B657-4F3A-9B9A-7D8EC1ADAAA5}.Release|Any CPU.Build.0 = Release|Any CPU
		{30844AC0-B657-4F3A-9B9A-7D8EC1ADAAA5}.Release|iPhone.ActiveCfg = Release|Any CPU
		{30844AC0-B657-4F3A-9B9A-7D8EC1ADAAA5}.Release|iPhone.Build.0 = Release|Any CPU
		{30844AC0-B657-4F3A-9B9A-7D8EC1ADAAA5}.Release|iPhoneSimulator.ActiveCfg = Release|Any CPU
		{30844AC0-B657-4F3A-9B9A-7D8EC1ADAAA5}.Release|iPhoneSimulator.Build.0 = Release|Any CPU
	EndGlobalSection
	GlobalSection(SolutionProperties) = preSolution
		HideSolutionNode = FALSE
	EndGlobalSection
	GlobalSection(ExtensibilityGlobals) = postSolution
		SolutionGuid = {ECD8E377-989D-4285-A676-8CAF125B205A}
	EndGlobalSection
EndGlobal
